// !$*UTF8*$!
{
	archiveVersion = 1;
	classes = {
	};
	objectVersion = 46;
	objects = {

/* Begin PBXBuildFile section */
		70AB67B7C3605270D4009755 /* Pods_SwiftPushApp.framework in Frameworks */ = {isa = PBXBuildFile; fileRef = 6DA713BF931D7D62980B63F4 /* Pods_SwiftPushApp.framework */; };
		BD8673491D0988A7000806AD /* AppDelegate.swift in Sources */ = {isa = PBXBuildFile; fileRef = BD8673481D0988A7000806AD /* AppDelegate.swift */; };
		BD86734B1D0988A7000806AD /* ViewController.swift in Sources */ = {isa = PBXBuildFile; fileRef = BD86734A1D0988A7000806AD /* ViewController.swift */; };
		BD86734E1D0988A7000806AD /* Main.storyboard in Resources */ = {isa = PBXBuildFile; fileRef = BD86734C1D0988A7000806AD /* Main.storyboard */; };
		BD8673501D0988A7000806AD /* Assets.xcassets in Resources */ = {isa = PBXBuildFile; fileRef = BD86734F1D0988A7000806AD /* Assets.xcassets */; };
		BD8673531D0988A7000806AD /* LaunchScreen.storyboard in Resources */ = {isa = PBXBuildFile; fileRef = BD8673511D0988A7000806AD /* LaunchScreen.storyboard */; };
/* End PBXBuildFile section */

/* Begin PBXFileReference section */
		6DA713BF931D7D62980B63F4 /* Pods_SwiftPushApp.framework */ = {isa = PBXFileReference; explicitFileType = wrapper.framework; includeInIndex = 0; path = Pods_SwiftPushApp.framework; sourceTree = BUILT_PRODUCTS_DIR; };
		BD8673451D0988A7000806AD /* SwiftPushApp.app */ = {isa = PBXFileReference; explicitFileType = wrapper.application; includeInIndex = 0; path = SwiftPushApp.app; sourceTree = BUILT_PRODUCTS_DIR; };
		BD8673481D0988A7000806AD /* AppDelegate.swift */ = {isa = PBXFileReference; lastKnownFileType = sourcecode.swift; path = AppDelegate.swift; sourceTree = "<group>"; };
		BD86734A1D0988A7000806AD /* ViewController.swift */ = {isa = PBXFileReference; lastKnownFileType = sourcecode.swift; path = ViewController.swift; sourceTree = "<group>"; };
		BD86734D1D0988A7000806AD /* Base */ = {isa = PBXFileReference; lastKnownFileType = file.storyboard; name = Base; path = Base.lproj/Main.storyboard; sourceTree = "<group>"; };
		BD86734F1D0988A7000806AD /* Assets.xcassets */ = {isa = PBXFileReference; lastKnownFileType = folder.assetcatalog; path = Assets.xcassets; sourceTree = "<group>"; };
		BD8673521D0988A7000806AD /* Base */ = {isa = PBXFileReference; lastKnownFileType = file.storyboard; name = Base; path = Base.lproj/LaunchScreen.storyboard; sourceTree = "<group>"; };
		BD8673541D0988A7000806AD /* Info.plist */ = {isa = PBXFileReference; lastKnownFileType = text.plist.xml; path = Info.plist; sourceTree = "<group>"; };
		D28B164E52765414F5E4D0C1 /* Pods-SwiftPushApp.release.xcconfig */ = {isa = PBXFileReference; includeInIndex = 1; lastKnownFileType = text.xcconfig; name = "Pods-SwiftPushApp.release.xcconfig"; path = "Pods/Target Support Files/Pods-SwiftPushApp/Pods-SwiftPushApp.release.xcconfig"; sourceTree = "<group>"; };
		E0FCF10FA88F741037676E6B /* Pods-SwiftPushApp.debug.xcconfig */ = {isa = PBXFileReference; includeInIndex = 1; lastKnownFileType = text.xcconfig; name = "Pods-SwiftPushApp.debug.xcconfig"; path = "Pods/Target Support Files/Pods-SwiftPushApp/Pods-SwiftPushApp.debug.xcconfig"; sourceTree = "<group>"; };
/* End PBXFileReference section */

/* Begin PBXFrameworksBuildPhase section */
		BD8673421D0988A7000806AD /* Frameworks */ = {
			isa = PBXFrameworksBuildPhase;
			buildActionMask = 2147483647;
			files = (
				70AB67B7C3605270D4009755 /* Pods_SwiftPushApp.framework in Frameworks */,
			);
			runOnlyForDeploymentPostprocessing = 0;
		};
/* End PBXFrameworksBuildPhase section */

/* Begin PBXGroup section */
		1555F5684A97AA98FC2F290F /* Frameworks */ = {
			isa = PBXGroup;
			children = (
				6DA713BF931D7D62980B63F4 /* Pods_SwiftPushApp.framework */,
			);
			name = Frameworks;
			sourceTree = "<group>";
		};
		BD86733C1D0988A7000806AD = {
			isa = PBXGroup;
			children = (
				BD8673471D0988A7000806AD /* SwiftPushApp */,
				BD8673461D0988A7000806AD /* Products */,
				F79C0157A379A078C89E2FC2 /* Pods */,
				1555F5684A97AA98FC2F290F /* Frameworks */,
			);
			sourceTree = "<group>";
		};
		BD8673461D0988A7000806AD /* Products */ = {
			isa = PBXGroup;
			children = (
				BD8673451D0988A7000806AD /* SwiftPushApp.app */,
			);
			name = Products;
			sourceTree = "<group>";
		};
		BD8673471D0988A7000806AD /* SwiftPushApp */ = {
			isa = PBXGroup;
			children = (
				BD8673481D0988A7000806AD /* AppDelegate.swift */,
				BD86734A1D0988A7000806AD /* ViewController.swift */,
				BD86734C1D0988A7000806AD /* Main.storyboard */,
				BD86734F1D0988A7000806AD /* Assets.xcassets */,
				BD8673511D0988A7000806AD /* LaunchScreen.storyboard */,
				BD8673541D0988A7000806AD /* Info.plist */,
			);
			path = SwiftPushApp;
			sourceTree = "<group>";
		};
		F79C0157A379A078C89E2FC2 /* Pods */ = {
			isa = PBXGroup;
			children = (
				E0FCF10FA88F741037676E6B /* Pods-SwiftPushApp.debug.xcconfig */,
				D28B164E52765414F5E4D0C1 /* Pods-SwiftPushApp.release.xcconfig */,
			);
			name = Pods;
			sourceTree = "<group>";
		};
/* End PBXGroup section */

/* Begin PBXNativeTarget section */
		BD8673441D0988A7000806AD /* SwiftPushApp */ = {
			isa = PBXNativeTarget;
			buildConfigurationList = BD8673571D0988A7000806AD /* Build configuration list for PBXNativeTarget "SwiftPushApp" */;
			buildPhases = (
				043596CB794CE8A1595EF9D8 /* 📦 Check Pods Manifest.lock */,
				BD8673411D0988A7000806AD /* Sources */,
				BD8673421D0988A7000806AD /* Frameworks */,
				BD8673431D0988A7000806AD /* Resources */,
				ACC2639C8624AAFBD7502DED /* 📦 Embed Pods Frameworks */,
				82B30CEC115FCD1A1C4CAC18 /* 📦 Copy Pods Resources */,
			);
			buildRules = (
			);
			dependencies = (
			);
			name = SwiftPushApp;
			productName = SwiftPushApp;
			productReference = BD8673451D0988A7000806AD /* SwiftPushApp.app */;
			productType = "com.apple.product-type.application";
		};
/* End PBXNativeTarget section */

/* Begin PBXProject section */
		BD86733D1D0988A7000806AD /* Project object */ = {
			isa = PBXProject;
			attributes = {
				LastSwiftUpdateCheck = 0720;
				LastUpgradeCheck = 0720;
				ORGANIZATIONNAME = "NIFTY Corporation";
				TargetAttributes = {
					BD8673441D0988A7000806AD = {
						CreatedOnToolsVersion = 7.2.1;
					};
				};
			};
			buildConfigurationList = BD8673401D0988A7000806AD /* Build configuration list for PBXProject "SwiftPushApp" */;
			compatibilityVersion = "Xcode 3.2";
			developmentRegion = English;
			hasScannedForEncodings = 0;
			knownRegions = (
				en,
				Base,
			);
			mainGroup = BD86733C1D0988A7000806AD;
			productRefGroup = BD8673461D0988A7000806AD /* Products */;
			projectDirPath = "";
			projectRoot = "";
			targets = (
				BD8673441D0988A7000806AD /* SwiftPushApp */,
			);
		};
/* End PBXProject section */

/* Begin PBXResourcesBuildPhase section */
		BD8673431D0988A7000806AD /* Resources */ = {
			isa = PBXResourcesBuildPhase;
			buildActionMask = 2147483647;
			files = (
				BD8673531D0988A7000806AD /* LaunchScreen.storyboard in Resources */,
				BD8673501D0988A7000806AD /* Assets.xcassets in Resources */,
				BD86734E1D0988A7000806AD /* Main.storyboard in Resources */,
			);
			runOnlyForDeploymentPostprocessing = 0;
		};
/* End PBXResourcesBuildPhase section */

/* Begin PBXShellScriptBuildPhase section */
		043596CB794CE8A1595EF9D8 /* 📦 Check Pods Manifest.lock */ = {
			isa = PBXShellScriptBuildPhase;
			buildActionMask = 2147483647;
			files = (
			);
			inputPaths = (
			);
			name = "📦 Check Pods Manifest.lock";
			outputPaths = (
			);
			runOnlyForDeploymentPostprocessing = 0;
			shellPath = /bin/sh;
			shellScript = "diff \"${PODS_ROOT}/../Podfile.lock\" \"${PODS_ROOT}/Manifest.lock\" > /dev/null\nif [[ $? != 0 ]] ; then\n    cat << EOM\nerror: The sandbox is not in sync with the Podfile.lock. Run 'pod install' or update your CocoaPods installation.\nEOM\n    exit 1\nfi\n";
			showEnvVarsInLog = 0;
		};
		82B30CEC115FCD1A1C4CAC18 /* 📦 Copy Pods Resources */ = {
			isa = PBXShellScriptBuildPhase;
			buildActionMask = 2147483647;
			files = (
			);
			inputPaths = (
			);
			name = "📦 Copy Pods Resources";
			outputPaths = (
			);
			runOnlyForDeploymentPostprocessing = 0;
			shellPath = /bin/sh;
			shellScript = "\"${SRCROOT}/Pods/Target Support Files/Pods-SwiftPushApp/Pods-SwiftPushApp-resources.sh\"\n";
			showEnvVarsInLog = 0;
		};
		ACC2639C8624AAFBD7502DED /* 📦 Embed Pods Frameworks */ = {
			isa = PBXShellScriptBuildPhase;
			buildActionMask = 2147483647;
			files = (
			);
			inputPaths = (
			);
			name = "📦 Embed Pods Frameworks";
			outputPaths = (
			);
			runOnlyForDeploymentPostprocessing = 0;
			shellPath = /bin/sh;
			shellScript = "\"${SRCROOT}/Pods/Target Support Files/Pods-SwiftPushApp/Pods-SwiftPushApp-frameworks.sh\"\n";
			showEnvVarsInLog = 0;
		};
/* End PBXShellScriptBuildPhase section */

/* Begin PBXSourcesBuildPhase section */
		BD8673411D0988A7000806AD /* Sources */ = {
			isa = PBXSourcesBuildPhase;
			buildActionMask = 2147483647;
			files = (
				BD86734B1D0988A7000806AD /* ViewController.swift in Sources */,
				BD8673491D0988A7000806AD /* AppDelegate.swift in Sources */,
			);
			runOnlyForDeploymentPostprocessing = 0;
		};
/* End PBXSourcesBuildPhase section */

/* Begin PBXVariantGroup section */
		BD86734C1D0988A7000806AD /* Main.storyboard */ = {
			isa = PBXVariantGroup;
			children = (
				BD86734D1D0988A7000806AD /* Base */,
			);
			name = Main.storyboard;
			sourceTree = "<group>";
		};
		BD8673511D0988A7000806AD /* LaunchScreen.storyboard */ = {
			isa = PBXVariantGroup;
			children = (
				BD8673521D0988A7000806AD /* Base */,
			);
			name = LaunchScreen.storyboard;
			sourceTree = "<group>";
		};
/* End PBXVariantGroup section */

/* Begin XCBuildConfiguration section */
		BD8673551D0988A7000806AD /* Debug */ = {
			isa = XCBuildConfiguration;
			buildSettings = {
				ALWAYS_SEARCH_USER_PATHS = NO;
				CLANG_CXX_LANGUAGE_STANDARD = "gnu++0x";
				CLANG_CXX_LIBRARY = "libc++";
				CLANG_ENABLE_MODULES = YES;
				CLANG_ENABLE_OBJC_ARC = YES;
				CLANG_WARN_BOOL_CONVERSION = YES;
				CLANG_WARN_CONSTANT_CONVERSION = YES;
				CLANG_WARN_DIRECT_OBJC_ISA_USAGE = YES_ERROR;
				CLANG_WARN_EMPTY_BODY = YES;
				CLANG_WARN_ENUM_CONVERSION = YES;
				CLANG_WARN_INT_CONVERSION = YES;
				CLANG_WARN_OBJC_ROOT_CLASS = YES_ERROR;
				CLANG_WARN_UNREACHABLE_CODE = YES;
				CLANG_WARN__DUPLICATE_METHOD_MATCH = YES;
				"CODE_SIGN_IDENTITY[sdk=iphoneos*]" = "iPhone Developer";
				COPY_PHASE_STRIP = NO;
				DEBUG_INFORMATION_FORMAT = dwarf;
				ENABLE_STRICT_OBJC_MSGSEND = YES;
				ENABLE_TESTABILITY = YES;
				GCC_C_LANGUAGE_STANDARD = gnu99;
				GCC_DYNAMIC_NO_PIC = NO;
				GCC_NO_COMMON_BLOCKS = YES;
				GCC_OPTIMIZATION_LEVEL = 0;
				GCC_PREPROCESSOR_DEFINITIONS = (
					"DEBUG=1",
					"$(inherited)",
				);
				GCC_WARN_64_TO_32_BIT_CONVERSION = YES;
				GCC_WARN_ABOUT_RETURN_TYPE = YES_ERROR;
				GCC_WARN_UNDECLARED_SELECTOR = YES;
				GCC_WARN_UNINITIALIZED_AUTOS = YES_AGGRESSIVE;
				GCC_WARN_UNUSED_FUNCTION = YES;
				GCC_WARN_UNUSED_VARIABLE = YES;
				IPHONEOS_DEPLOYMENT_TARGET = 9.2;
				MTL_ENABLE_DEBUG_INFO = YES;
				ONLY_ACTIVE_ARCH = YES;
				SDKROOT = iphoneos;
				SWIFT_OPTIMIZATION_LEVEL = "-Onone";
				TARGETED_DEVICE_FAMILY = "1,2";
			};
			name = Debug;
		};
		BD8673561D0988A7000806AD /* Release */ = {
			isa = XCBuildConfiguration;
			buildSettings = {
				ALWAYS_SEARCH_USER_PATHS = NO;
				CLANG_CXX_LANGUAGE_STANDARD = "gnu++0x";
				CLANG_CXX_LIBRARY = "libc++";
				CLANG_ENABLE_MODULES = YES;
				CLANG_ENABLE_OBJC_ARC = YES;
				CLANG_WARN_BOOL_CONVERSION = YES;
				CLANG_WARN_CONSTANT_CONVERSION = YES;
				CLANG_WARN_DIRECT_OBJC_ISA_USAGE = YES_ERROR;
				CLANG_WARN_EMPTY_BODY = YES;
				CLANG_WARN_ENUM_CONVERSION = YES;
				CLANG_WARN_INT_CONVERSION = YES;
				CLANG_WARN_OBJC_ROOT_CLASS = YES_ERROR;
				CLANG_WARN_UNREACHABLE_CODE = YES;
				CLANG_WARN__DUPLICATE_METHOD_MATCH = YES;
				"CODE_SIGN_IDENTITY[sdk=iphoneos*]" = "iPhone Developer";
				COPY_PHASE_STRIP = NO;
				DEBUG_INFORMATION_FORMAT = "dwarf-with-dsym";
				ENABLE_NS_ASSERTIONS = NO;
				ENABLE_STRICT_OBJC_MSGSEND = YES;
				GCC_C_LANGUAGE_STANDARD = gnu99;
				GCC_NO_COMMON_BLOCKS = YES;
				GCC_WARN_64_TO_32_BIT_CONVERSION = YES;
				GCC_WARN_ABOUT_RETURN_TYPE = YES_ERROR;
				GCC_WARN_UNDECLARED_SELECTOR = YES;
				GCC_WARN_UNINITIALIZED_AUTOS = YES_AGGRESSIVE;
				GCC_WARN_UNUSED_FUNCTION = YES;
				GCC_WARN_UNUSED_VARIABLE = YES;
				IPHONEOS_DEPLOYMENT_TARGET = 9.2;
				MTL_ENABLE_DEBUG_INFO = NO;
				SDKROOT = iphoneos;
				TARGETED_DEVICE_FAMILY = "1,2";
				VALIDATE_PRODUCT = YES;
			};
			name = Release;
		};
		BD8673581D0988A7000806AD /* Debug */ = {
			isa = XCBuildConfiguration;
			baseConfigurationReference = E0FCF10FA88F741037676E6B /* Pods-SwiftPushApp.debug.xcconfig */;
			buildSettings = {
				ASSETCATALOG_COMPILER_APPICON_NAME = AppIcon;
				CODE_SIGN_IDENTITY = "iPhone Developer";
				INFOPLIST_FILE = SwiftPushApp/Info.plist;
				IPHONEOS_DEPLOYMENT_TARGET = 8.0;
				LD_RUNPATH_SEARCH_PATHS = "$(inherited) @executable_path/Frameworks";
				PRODUCT_BUNDLE_IDENTIFIER = com.mobilebackend.niftycloud.SwiftPushApp;
				PRODUCT_NAME = "$(TARGET_NAME)";
			};
			name = Debug;
		};
		BD8673591D0988A7000806AD /* Release */ = {
			isa = XCBuildConfiguration;
			baseConfigurationReference = D28B164E52765414F5E4D0C1 /* Pods-SwiftPushApp.release.xcconfig */;
			buildSettings = {
				ASSETCATALOG_COMPILER_APPICON_NAME = AppIcon;
				CODE_SIGN_IDENTITY = "iPhone Developer";
				INFOPLIST_FILE = SwiftPushApp/Info.plist;
				IPHONEOS_DEPLOYMENT_TARGET = 8.0;
				LD_RUNPATH_SEARCH_PATHS = "$(inherited) @executable_path/Frameworks";
				PRODUCT_BUNDLE_IDENTIFIER = com.mobilebackend.niftycloud.SwiftPushApp;
				PRODUCT_NAME = "$(TARGET_NAME)";
			};
			name = Release;
		};
/* End XCBuildConfiguration section */

/* Begin XCConfigurationList section */
		BD8673401D0988A7000806AD /* Build configuration list for PBXProject "SwiftPushApp" */ = {
			isa = XCConfigurationList;
			buildConfigurations = (
				BD8673551D0988A7000806AD /* Debug */,
				BD8673561D0988A7000806AD /* Release */,
			);
			defaultConfigurationIsVisible = 0;
			defaultConfigurationName = Release;
		};
		BD8673571D0988A7000806AD /* Build configuration list for PBXNativeTarget "SwiftPushApp" */ = {
			isa = XCConfigurationList;
			buildConfigurations = (
				BD8673581D0988A7000806AD /* Debug */,
				BD8673591D0988A7000806AD /* Release */,
			);
			defaultConfigurationIsVisible = 0;
			defaultConfigurationName = Release;
		};
/* End XCConfigurationList section */
	};
	rootObject = BD86733D1D0988A7000806AD /* Project object */;
}
