// !$*UTF8*$!
{
	archiveVersion = 1;
	classes = {
	};
	objectVersion = 56;
	objects = {

/* Begin PBXBuildFile section */
		42F98FD02967B6C50087E4D1 /* AppDelegate.swift in Sources */ = {isa = PBXBuildFile; fileRef = 42F98FCF2967B6C50087E4D1 /* AppDelegate.swift */; };
		42F98FD22967B6C50087E4D1 /* SceneDelegate.swift in Sources */ = {isa = PBXBuildFile; fileRef = 42F98FD12967B6C50087E4D1 /* SceneDelegate.swift */; };
		42F98FD42967B6C50087E4D1 /* ViewController.swift in Sources */ = {isa = PBXBuildFile; fileRef = 42F98FD32967B6C50087E4D1 /* ViewController.swift */; };
		42F98FD72967B6C50087E4D1 /* Main.storyboard in Resources */ = {isa = PBXBuildFile; fileRef = 42F98FD52967B6C50087E4D1 /* Main.storyboard */; };
		42F98FD92967B6C70087E4D1 /* Assets.xcassets in Resources */ = {isa = PBXBuildFile; fileRef = 42F98FD82967B6C70087E4D1 /* Assets.xcassets */; };
		42F98FDC2967B6C70087E4D1 /* LaunchScreen.storyboard in Resources */ = {isa = PBXBuildFile; fileRef = 42F98FDA2967B6C70087E4D1 /* LaunchScreen.storyboard */; };
		42F98FE72967B6C70087E4D1 /* SwiftPushAppTests.swift in Sources */ = {isa = PBXBuildFile; fileRef = 42F98FE62967B6C70087E4D1 /* SwiftPushAppTests.swift */; };
		42F98FF12967B6C70087E4D1 /* SwiftPushAppUITests.swift in Sources */ = {isa = PBXBuildFile; fileRef = 42F98FF02967B6C70087E4D1 /* SwiftPushAppUITests.swift */; };
		42F98FF32967B6C70087E4D1 /* SwiftPushAppUITestsLaunchTests.swift in Sources */ = {isa = PBXBuildFile; fileRef = 42F98FF22967B6C70087E4D1 /* SwiftPushAppUITestsLaunchTests.swift */; };
		42F990012967B7930087E4D1 /* NCMB in Frameworks */ = {isa = PBXBuildFile; productRef = 42F990002967B7930087E4D1 /* NCMB */; };
/* End PBXBuildFile section */

/* Begin PBXContainerItemProxy section */
		42F98FE32967B6C70087E4D1 /* PBXContainerItemProxy */ = {
			isa = PBXContainerItemProxy;
			containerPortal = 42F98FC42967B6C50087E4D1 /* Project object */;
			proxyType = 1;
			remoteGlobalIDString = 42F98FCB2967B6C50087E4D1;
			remoteInfo = SwiftPushApp;
		};
		42F98FED2967B6C70087E4D1 /* PBXContainerItemProxy */ = {
			isa = PBXContainerItemProxy;
			containerPortal = 42F98FC42967B6C50087E4D1 /* Project object */;
			proxyType = 1;
			remoteGlobalIDString = 42F98FCB2967B6C50087E4D1;
			remoteInfo = SwiftPushApp;
		};
/* End PBXContainerItemProxy section */

/* Begin PBXFileReference section */
		42F98FCC2967B6C50087E4D1 /* SwiftPushApp.app */ = {isa = PBXFileReference; explicitFileType = wrapper.application; includeInIndex = 0; path = SwiftPushApp.app; sourceTree = BUILT_PRODUCTS_DIR; };
		42F98FCF2967B6C50087E4D1 /* AppDelegate.swift */ = {isa = PBXFileReference; lastKnownFileType = sourcecode.swift; path = AppDelegate.swift; sourceTree = "<group>"; };
		42F98FD12967B6C50087E4D1 /* SceneDelegate.swift */ = {isa = PBXFileReference; lastKnownFileType = sourcecode.swift; path = SceneDelegate.swift; sourceTree = "<group>"; };
		42F98FD32967B6C50087E4D1 /* ViewController.swift */ = {isa = PBXFileReference; lastKnownFileType = sourcecode.swift; path = ViewController.swift; sourceTree = "<group>"; };
		42F98FD62967B6C50087E4D1 /* Base */ = {isa = PBXFileReference; lastKnownFileType = file.storyboard; name = Base; path = Base.lproj/Main.storyboard; sourceTree = "<group>"; };
		42F98FD82967B6C70087E4D1 /* Assets.xcassets */ = {isa = PBXFileReference; lastKnownFileType = folder.assetcatalog; path = Assets.xcassets; sourceTree = "<group>"; };
		42F98FDB2967B6C70087E4D1 /* Base */ = {isa = PBXFileReference; lastKnownFileType = file.storyboard; name = Base; path = Base.lproj/LaunchScreen.storyboard; sourceTree = "<group>"; };
		42F98FDD2967B6C70087E4D1 /* Info.plist */ = {isa = PBXFileReference; lastKnownFileType = text.plist.xml; path = Info.plist; sourceTree = "<group>"; };
		42F98FE22967B6C70087E4D1 /* SwiftPushAppTests.xctest */ = {isa = PBXFileReference; explicitFileType = wrapper.cfbundle; includeInIndex = 0; path = SwiftPushAppTests.xctest; sourceTree = BUILT_PRODUCTS_DIR; };
		42F98FE62967B6C70087E4D1 /* SwiftPushAppTests.swift */ = {isa = PBXFileReference; lastKnownFileType = sourcecode.swift; path = SwiftPushAppTests.swift; sourceTree = "<group>"; };
		42F98FEC2967B6C70087E4D1 /* SwiftPushAppUITests.xctest */ = {isa = PBXFileReference; explicitFileType = wrapper.cfbundle; includeInIndex = 0; path = SwiftPushAppUITests.xctest; sourceTree = BUILT_PRODUCTS_DIR; };
		42F98FF02967B6C70087E4D1 /* SwiftPushAppUITests.swift */ = {isa = PBXFileReference; lastKnownFileType = sourcecode.swift; path = SwiftPushAppUITests.swift; sourceTree = "<group>"; };
		42F98FF22967B6C70087E4D1 /* SwiftPushAppUITestsLaunchTests.swift */ = {isa = PBXFileReference; lastKnownFileType = sourcecode.swift; path = SwiftPushAppUITestsLaunchTests.swift; sourceTree = "<group>"; };
		42F990022967BCB80087E4D1 /* SwiftPushApp.entitlements */ = {isa = PBXFileReference; lastKnownFileType = text.plist.entitlements; path = SwiftPushApp.entitlements; sourceTree = "<group>"; };
/* End PBXFileReference section */

/* Begin PBXFrameworksBuildPhase section */
		42F98FC92967B6C50087E4D1 /* Frameworks */ = {
			isa = PBXFrameworksBuildPhase;
			buildActionMask = 2147483647;
			files = (
				42F990012967B7930087E4D1 /* NCMB in Frameworks */,
			);
			runOnlyForDeploymentPostprocessing = 0;
		};
		42F98FDF2967B6C70087E4D1 /* Frameworks */ = {
			isa = PBXFrameworksBuildPhase;
			buildActionMask = 2147483647;
			files = (
			);
			runOnlyForDeploymentPostprocessing = 0;
		};
		42F98FE92967B6C70087E4D1 /* Frameworks */ = {
			isa = PBXFrameworksBuildPhase;
			buildActionMask = 2147483647;
			files = (
			);
			runOnlyForDeploymentPostprocessing = 0;
		};
/* End PBXFrameworksBuildPhase section */

/* Begin PBXGroup section */
		42F98FC32967B6C50087E4D1 = {
			isa = PBXGroup;
			children = (
				42F98FCE2967B6C50087E4D1 /* SwiftPushApp */,
				42F98FE52967B6C70087E4D1 /* SwiftPushAppTests */,
				42F98FEF2967B6C70087E4D1 /* SwiftPushAppUITests */,
				42F98FCD2967B6C50087E4D1 /* Products */,
			);
			sourceTree = "<group>";
		};
		42F98FCD2967B6C50087E4D1 /* Products */ = {
			isa = PBXGroup;
			children = (
				42F98FCC2967B6C50087E4D1 /* SwiftPushApp.app */,
				42F98FE22967B6C70087E4D1 /* SwiftPushAppTests.xctest */,
				42F98FEC2967B6C70087E4D1 /* SwiftPushAppUITests.xctest */,
			);
			name = Products;
			sourceTree = "<group>";
		};
		42F98FCE2967B6C50087E4D1 /* SwiftPushApp */ = {
			isa = PBXGroup;
			children = (
				42F990022967BCB80087E4D1 /* SwiftPushApp.entitlements */,
				42F98FCF2967B6C50087E4D1 /* AppDelegate.swift */,
				42F98FD12967B6C50087E4D1 /* SceneDelegate.swift */,
				42F98FD32967B6C50087E4D1 /* ViewController.swift */,
				42F98FD52967B6C50087E4D1 /* Main.storyboard */,
				42F98FD82967B6C70087E4D1 /* Assets.xcassets */,
				42F98FDA2967B6C70087E4D1 /* LaunchScreen.storyboard */,
				42F98FDD2967B6C70087E4D1 /* Info.plist */,
			);
			path = SwiftPushApp;
			sourceTree = "<group>";
		};
		42F98FE52967B6C70087E4D1 /* SwiftPushAppTests */ = {
			isa = PBXGroup;
			children = (
				42F98FE62967B6C70087E4D1 /* SwiftPushAppTests.swift */,
			);
			path = SwiftPushAppTests;
			sourceTree = "<group>";
		};
		42F98FEF2967B6C70087E4D1 /* SwiftPushAppUITests */ = {
			isa = PBXGroup;
			children = (
				42F98FF02967B6C70087E4D1 /* SwiftPushAppUITests.swift */,
				42F98FF22967B6C70087E4D1 /* SwiftPushAppUITestsLaunchTests.swift */,
			);
			path = SwiftPushAppUITests;
			sourceTree = "<group>";
		};
/* End PBXGroup section */

/* Begin PBXNativeTarget section */
		42F98FCB2967B6C50087E4D1 /* SwiftPushApp */ = {
			isa = PBXNativeTarget;
			buildConfigurationList = 42F98FF62967B6C70087E4D1 /* Build configuration list for PBXNativeTarget "SwiftPushApp" */;
			buildPhases = (
				42F98FC82967B6C50087E4D1 /* Sources */,
				42F98FC92967B6C50087E4D1 /* Frameworks */,
				42F98FCA2967B6C50087E4D1 /* Resources */,
			);
			buildRules = (
			);
			dependencies = (
			);
			name = SwiftPushApp;
			packageProductDependencies = (
				42F990002967B7930087E4D1 /* NCMB */,
			);
			productName = SwiftPushApp;
			productReference = 42F98FCC2967B6C50087E4D1 /* SwiftPushApp.app */;
			productType = "com.apple.product-type.application";
		};
		42F98FE12967B6C70087E4D1 /* SwiftPushAppTests */ = {
			isa = PBXNativeTarget;
			buildConfigurationList = 42F98FF92967B6C70087E4D1 /* Build configuration list for PBXNativeTarget "SwiftPushAppTests" */;
			buildPhases = (
				42F98FDE2967B6C70087E4D1 /* Sources */,
				42F98FDF2967B6C70087E4D1 /* Frameworks */,
				42F98FE02967B6C70087E4D1 /* Resources */,
			);
			buildRules = (
			);
			dependencies = (
				42F98FE42967B6C70087E4D1 /* PBXTargetDependency */,
			);
			name = SwiftPushAppTests;
			productName = SwiftPushAppTests;
			productReference = 42F98FE22967B6C70087E4D1 /* SwiftPushAppTests.xctest */;
			productType = "com.apple.product-type.bundle.unit-test";
		};
		42F98FEB2967B6C70087E4D1 /* SwiftPushAppUITests */ = {
			isa = PBXNativeTarget;
			buildConfigurationList = 42F98FFC2967B6C70087E4D1 /* Build configuration list for PBXNativeTarget "SwiftPushAppUITests" */;
			buildPhases = (
				42F98FE82967B6C70087E4D1 /* Sources */,
				42F98FE92967B6C70087E4D1 /* Frameworks */,
				42F98FEA2967B6C70087E4D1 /* Resources */,
			);
			buildRules = (
			);
			dependencies = (
				42F98FEE2967B6C70087E4D1 /* PBXTargetDependency */,
			);
			name = SwiftPushAppUITests;
			productName = SwiftPushAppUITests;
			productReference = 42F98FEC2967B6C70087E4D1 /* SwiftPushAppUITests.xctest */;
			productType = "com.apple.product-type.bundle.ui-testing";
		};
/* End PBXNativeTarget section */

/* Begin PBXProject section */
		42F98FC42967B6C50087E4D1 /* Project object */ = {
			isa = PBXProject;
			attributes = {
				BuildIndependentTargetsInParallel = 1;
				LastSwiftUpdateCheck = 1400;
				LastUpgradeCheck = 1400;
				TargetAttributes = {
					42F98FCB2967B6C50087E4D1 = {
						CreatedOnToolsVersion = 14.0.1;
					};
					42F98FE12967B6C70087E4D1 = {
						CreatedOnToolsVersion = 14.0.1;
						TestTargetID = 42F98FCB2967B6C50087E4D1;
					};
					42F98FEB2967B6C70087E4D1 = {
						CreatedOnToolsVersion = 14.0.1;
						TestTargetID = 42F98FCB2967B6C50087E4D1;
					};
				};
			};
			buildConfigurationList = 42F98FC72967B6C50087E4D1 /* Build configuration list for PBXProject "SwiftPushApp" */;
			compatibilityVersion = "Xcode 14.0";
			developmentRegion = en;
			hasScannedForEncodings = 0;
			knownRegions = (
				en,
				Base,
			);
			mainGroup = 42F98FC32967B6C50087E4D1;
			packageReferences = (
				42F98FFF2967B7930087E4D1 /* XCRemoteSwiftPackageReference "ncmb_swift" */,
			);
			productRefGroup = 42F98FCD2967B6C50087E4D1 /* Products */;
			projectDirPath = "";
			projectRoot = "";
			targets = (
				42F98FCB2967B6C50087E4D1 /* SwiftPushApp */,
				42F98FE12967B6C70087E4D1 /* SwiftPushAppTests */,
				42F98FEB2967B6C70087E4D1 /* SwiftPushAppUITests */,
			);
		};
/* End PBXProject section */

/* Begin PBXResourcesBuildPhase section */
		42F98FCA2967B6C50087E4D1 /* Resources */ = {
			isa = PBXResourcesBuildPhase;
			buildActionMask = 2147483647;
			files = (
				42F98FDC2967B6C70087E4D1 /* LaunchScreen.storyboard in Resources */,
				42F98FD92967B6C70087E4D1 /* Assets.xcassets in Resources */,
				42F98FD72967B6C50087E4D1 /* Main.storyboard in Resources */,
			);
			runOnlyForDeploymentPostprocessing = 0;
		};
		42F98FE02967B6C70087E4D1 /* Resources */ = {
			isa = PBXResourcesBuildPhase;
			buildActionMask = 2147483647;
			files = (
			);
			runOnlyForDeploymentPostprocessing = 0;
		};
		42F98FEA2967B6C70087E4D1 /* Resources */ = {
			isa = PBXResourcesBuildPhase;
			buildActionMask = 2147483647;
			files = (
			);
			runOnlyForDeploymentPostprocessing = 0;
		};
/* End PBXResourcesBuildPhase section */

/* Begin PBXSourcesBuildPhase section */
		42F98FC82967B6C50087E4D1 /* Sources */ = {
			isa = PBXSourcesBuildPhase;
			buildActionMask = 2147483647;
			files = (
				42F98FD42967B6C50087E4D1 /* ViewController.swift in Sources */,
				42F98FD02967B6C50087E4D1 /* AppDelegate.swift in Sources */,
				42F98FD22967B6C50087E4D1 /* SceneDelegate.swift in Sources */,
			);
			runOnlyForDeploymentPostprocessing = 0;
		};
		42F98FDE2967B6C70087E4D1 /* Sources */ = {
			isa = PBXSourcesBuildPhase;
			buildActionMask = 2147483647;
			files = (
				42F98FE72967B6C70087E4D1 /* SwiftPushAppTests.swift in Sources */,
			);
			runOnlyForDeploymentPostprocessing = 0;
		};
		42F98FE82967B6C70087E4D1 /* Sources */ = {
			isa = PBXSourcesBuildPhase;
			buildActionMask = 2147483647;
			files = (
				42F98FF32967B6C70087E4D1 /* SwiftPushAppUITestsLaunchTests.swift in Sources */,
				42F98FF12967B6C70087E4D1 /* SwiftPushAppUITests.swift in Sources */,
			);
			runOnlyForDeploymentPostprocessing = 0;
		};
/* End PBXSourcesBuildPhase section */

/* Begin PBXTargetDependency section */
		42F98FE42967B6C70087E4D1 /* PBXTargetDependency */ = {
			isa = PBXTargetDependency;
			target = 42F98FCB2967B6C50087E4D1 /* SwiftPushApp */;
			targetProxy = 42F98FE32967B6C70087E4D1 /* PBXContainerItemProxy */;
		};
		42F98FEE2967B6C70087E4D1 /* PBXTargetDependency */ = {
			isa = PBXTargetDependency;
			target = 42F98FCB2967B6C50087E4D1 /* SwiftPushApp */;
			targetProxy = 42F98FED2967B6C70087E4D1 /* PBXContainerItemProxy */;
		};
/* End PBXTargetDependency section */

/* Begin PBXVariantGroup section */
		42F98FD52967B6C50087E4D1 /* Main.storyboard */ = {
			isa = PBXVariantGroup;
			children = (
				42F98FD62967B6C50087E4D1 /* Base */,
			);
			name = Main.storyboard;
			sourceTree = "<group>";
		};
		42F98FDA2967B6C70087E4D1 /* LaunchScreen.storyboard */ = {
			isa = PBXVariantGroup;
			children = (
				42F98FDB2967B6C70087E4D1 /* Base */,
			);
			name = LaunchScreen.storyboard;
			sourceTree = "<group>";
		};
/* End PBXVariantGroup section */

/* Begin XCBuildConfiguration section */
		42F98FF42967B6C70087E4D1 /* Debug */ = {
			isa = XCBuildConfiguration;
			buildSettings = {
				ALWAYS_SEARCH_USER_PATHS = NO;
				CLANG_ANALYZER_NONNULL = YES;
				CLANG_ANALYZER_NUMBER_OBJECT_CONVERSION = YES_AGGRESSIVE;
				CLANG_CXX_LANGUAGE_STANDARD = "gnu++20";
				CLANG_ENABLE_MODULES = YES;
				CLANG_ENABLE_OBJC_ARC = YES;
				CLANG_ENABLE_OBJC_WEAK = YES;
				CLANG_WARN_BLOCK_CAPTURE_AUTORELEASING = YES;
				CLANG_WARN_BOOL_CONVERSION = YES;
				CLANG_WARN_COMMA = YES;
				CLANG_WARN_CONSTANT_CONVERSION = YES;
				CLANG_WARN_DEPRECATED_OBJC_IMPLEMENTATIONS = YES;
				CLANG_WARN_DIRECT_OBJC_ISA_USAGE = YES_ERROR;
				CLANG_WARN_DOCUMENTATION_COMMENTS = YES;
				CLANG_WARN_EMPTY_BODY = YES;
				CLANG_WARN_ENUM_CONVERSION = YES;
				CLANG_WARN_INFINITE_RECURSION = YES;
				CLANG_WARN_INT_CONVERSION = YES;
				CLANG_WARN_NON_LITERAL_NULL_CONVERSION = YES;
				CLANG_WARN_OBJC_IMPLICIT_RETAIN_SELF = YES;
				CLANG_WARN_OBJC_LITERAL_CONVERSION = YES;
				CLANG_WARN_OBJC_ROOT_CLASS = YES_ERROR;
				CLANG_WARN_QUOTED_INCLUDE_IN_FRAMEWORK_HEADER = YES;
				CLANG_WARN_RANGE_LOOP_ANALYSIS = YES;
				CLANG_WARN_STRICT_PROTOTYPES = YES;
				CLANG_WARN_SUSPICIOUS_MOVE = YES;
				CLANG_WARN_UNGUARDED_AVAILABILITY = YES_AGGRESSIVE;
				CLANG_WARN_UNREACHABLE_CODE = YES;
				CLANG_WARN__DUPLICATE_METHOD_MATCH = YES;
				COPY_PHASE_STRIP = NO;
				DEBUG_INFORMATION_FORMAT = dwarf;
				ENABLE_STRICT_OBJC_MSGSEND = YES;
				ENABLE_TESTABILITY = YES;
				GCC_C_LANGUAGE_STANDARD = gnu11;
				GCC_DYNAMIC_NO_PIC = NO;
				GCC_NO_COMMON_BLOCKS = YES;
				GCC_OPTIMIZATION_LEVEL = 0;
				GCC_PREPROCESSOR_DEFINITIONS = (
					"DEBUG=1",
					"$(inherited)",
				);
				GCC_WARN_64_TO_32_BIT_CONVERSION = YES;
				GCC_WARN_ABOUT_RETURN_TYPE = YES_ERROR;
				GCC_WARN_UNDECLARED_SELECTOR = YES;
				GCC_WARN_UNINITIALIZED_AUTOS = YES_AGGRESSIVE;
				GCC_WARN_UNUSED_FUNCTION = YES;
				GCC_WARN_UNUSED_VARIABLE = YES;
				IPHONEOS_DEPLOYMENT_TARGET = 16.0;
				MTL_ENABLE_DEBUG_INFO = INCLUDE_SOURCE;
				MTL_FAST_MATH = YES;
				ONLY_ACTIVE_ARCH = YES;
				SDKROOT = iphoneos;
				SWIFT_ACTIVE_COMPILATION_CONDITIONS = DEBUG;
				SWIFT_OPTIMIZATION_LEVEL = "-Onone";
			};
			name = Debug;
		};
		42F98FF52967B6C70087E4D1 /* Release */ = {
			isa = XCBuildConfiguration;
			buildSettings = {
				ALWAYS_SEARCH_USER_PATHS = NO;
				CLANG_ANALYZER_NONNULL = YES;
				CLANG_ANALYZER_NUMBER_OBJECT_CONVERSION = YES_AGGRESSIVE;
				CLANG_CXX_LANGUAGE_STANDARD = "gnu++20";
				CLANG_ENABLE_MODULES = YES;
				CLANG_ENABLE_OBJC_ARC = YES;
				CLANG_ENABLE_OBJC_WEAK = YES;
				CLANG_WARN_BLOCK_CAPTURE_AUTORELEASING = YES;
				CLANG_WARN_BOOL_CONVERSION = YES;
				CLANG_WARN_COMMA = YES;
				CLANG_WARN_CONSTANT_CONVERSION = YES;
				CLANG_WARN_DEPRECATED_OBJC_IMPLEMENTATIONS = YES;
				CLANG_WARN_DIRECT_OBJC_ISA_USAGE = YES_ERROR;
				CLANG_WARN_DOCUMENTATION_COMMENTS = YES;
				CLANG_WARN_EMPTY_BODY = YES;
				CLANG_WARN_ENUM_CONVERSION = YES;
				CLANG_WARN_INFINITE_RECURSION = YES;
				CLANG_WARN_INT_CONVERSION = YES;
				CLANG_WARN_NON_LITERAL_NULL_CONVERSION = YES;
				CLANG_WARN_OBJC_IMPLICIT_RETAIN_SELF = YES;
				CLANG_WARN_OBJC_LITERAL_CONVERSION = YES;
				CLANG_WARN_OBJC_ROOT_CLASS = YES_ERROR;
				CLANG_WARN_QUOTED_INCLUDE_IN_FRAMEWORK_HEADER = YES;
				CLANG_WARN_RANGE_LOOP_ANALYSIS = YES;
				CLANG_WARN_STRICT_PROTOTYPES = YES;
				CLANG_WARN_SUSPICIOUS_MOVE = YES;
				CLANG_WARN_UNGUARDED_AVAILABILITY = YES_AGGRESSIVE;
				CLANG_WARN_UNREACHABLE_CODE = YES;
				CLANG_WARN__DUPLICATE_METHOD_MATCH = YES;
				COPY_PHASE_STRIP = NO;
				DEBUG_INFORMATION_FORMAT = "dwarf-with-dsym";
				ENABLE_NS_ASSERTIONS = NO;
				ENABLE_STRICT_OBJC_MSGSEND = YES;
				GCC_C_LANGUAGE_STANDARD = gnu11;
				GCC_NO_COMMON_BLOCKS = YES;
				GCC_WARN_64_TO_32_BIT_CONVERSION = YES;
				GCC_WARN_ABOUT_RETURN_TYPE = YES_ERROR;
				GCC_WARN_UNDECLARED_SELECTOR = YES;
				GCC_WARN_UNINITIALIZED_AUTOS = YES_AGGRESSIVE;
				GCC_WARN_UNUSED_FUNCTION = YES;
				GCC_WARN_UNUSED_VARIABLE = YES;
				IPHONEOS_DEPLOYMENT_TARGET = 16.0;
				MTL_ENABLE_DEBUG_INFO = NO;
				MTL_FAST_MATH = YES;
				SDKROOT = iphoneos;
				SWIFT_COMPILATION_MODE = wholemodule;
				SWIFT_OPTIMIZATION_LEVEL = "-O";
				VALIDATE_PRODUCT = YES;
			};
			name = Release;
		};
		42F98FF72967B6C70087E4D1 /* Debug */ = {
			isa = XCBuildConfiguration;
			buildSettings = {
				ASSETCATALOG_COMPILER_APPICON_NAME = AppIcon;
				ASSETCATALOG_COMPILER_GLOBAL_ACCENT_COLOR_NAME = AccentColor;
				CODE_SIGN_ENTITLEMENTS = SwiftPushApp/SwiftPushApp.entitlements;
				CODE_SIGN_STYLE = Automatic;
				CURRENT_PROJECT_VERSION = 1;
				GENERATE_INFOPLIST_FILE = YES;
				INFOPLIST_FILE = SwiftPushApp/Info.plist;
				INFOPLIST_KEY_UIApplicationSupportsIndirectInputEvents = YES;
				INFOPLIST_KEY_UILaunchStoryboardName = LaunchScreen;
				INFOPLIST_KEY_UIMainStoryboardFile = Main;
				INFOPLIST_KEY_UISupportedInterfaceOrientations_iPad = "UIInterfaceOrientationPortrait UIInterfaceOrientationPortraitUpsideDown UIInterfaceOrientationLandscapeLeft UIInterfaceOrientationLandscapeRight";
				INFOPLIST_KEY_UISupportedInterfaceOrientations_iPhone = "UIInterfaceOrientationPortrait UIInterfaceOrientationLandscapeLeft UIInterfaceOrientationLandscapeRight";
				LD_RUNPATH_SEARCH_PATHS = (
					"$(inherited)",
					"@executable_path/Frameworks",
				);
				MARKETING_VERSION = 1.0;
				PRODUCT_BUNDLE_IDENTIFIER = jp.fujitsu.fjct.ncmb.quickstart.SwiftPushApp;
				PRODUCT_NAME = "$(TARGET_NAME)";
				SWIFT_EMIT_LOC_STRINGS = YES;
				SWIFT_VERSION = 5.0;
				TARGETED_DEVICE_FAMILY = "1,2";
			};
			name = Debug;
		};
		42F98FF82967B6C70087E4D1 /* Release */ = {
			isa = XCBuildConfiguration;
			buildSettings = {
				ASSETCATALOG_COMPILER_APPICON_NAME = AppIcon;
				ASSETCATALOG_COMPILER_GLOBAL_ACCENT_COLOR_NAME = AccentColor;
				CODE_SIGN_ENTITLEMENTS = SwiftPushApp/SwiftPushApp.entitlements;
				CODE_SIGN_STYLE = Automatic;
				CURRENT_PROJECT_VERSION = 1;
				GENERATE_INFOPLIST_FILE = YES;
				INFOPLIST_FILE = SwiftPushApp/Info.plist;
				INFOPLIST_KEY_UIApplicationSupportsIndirectInputEvents = YES;
				INFOPLIST_KEY_UILaunchStoryboardName = LaunchScreen;
				INFOPLIST_KEY_UIMainStoryboardFile = Main;
				INFOPLIST_KEY_UISupportedInterfaceOrientations_iPad = "UIInterfaceOrientationPortrait UIInterfaceOrientationPortraitUpsideDown UIInterfaceOrientationLandscapeLeft UIInterfaceOrientationLandscapeRight";
				INFOPLIST_KEY_UISupportedInterfaceOrientations_iPhone = "UIInterfaceOrientationPortrait UIInterfaceOrientationLandscapeLeft UIInterfaceOrientationLandscapeRight";
				LD_RUNPATH_SEARCH_PATHS = (
					"$(inherited)",
					"@executable_path/Frameworks",
				);
				MARKETING_VERSION = 1.0;
				PRODUCT_BUNDLE_IDENTIFIER = jp.fujitsu.fjct.ncmb.quickstart.SwiftPushApp;
				PRODUCT_NAME = "$(TARGET_NAME)";
				SWIFT_EMIT_LOC_STRINGS = YES;
				SWIFT_VERSION = 5.0;
				TARGETED_DEVICE_FAMILY = "1,2";
			};
			name = Release;
		};
		42F98FFA2967B6C70087E4D1 /* Debug */ = {
			isa = XCBuildConfiguration;
			buildSettings = {
				ALWAYS_EMBED_SWIFT_STANDARD_LIBRARIES = YES;
				BUNDLE_LOADER = "$(TEST_HOST)";
				CODE_SIGN_STYLE = Automatic;
				CURRENT_PROJECT_VERSION = 1;
				GENERATE_INFOPLIST_FILE = YES;
				IPHONEOS_DEPLOYMENT_TARGET = 16.0;
				MARKETING_VERSION = 1.0;
				PRODUCT_BUNDLE_IDENTIFIER = jp.fujitsu.fjct.ncmb.quickstart.swift.SwiftPushAppTests;
				PRODUCT_NAME = "$(TARGET_NAME)";
				SWIFT_EMIT_LOC_STRINGS = NO;
				SWIFT_VERSION = 5.0;
				TARGETED_DEVICE_FAMILY = "1,2";
				TEST_HOST = "$(BUILT_PRODUCTS_DIR)/SwiftPushApp.app/$(BUNDLE_EXECUTABLE_FOLDER_PATH)/SwiftPushApp";
			};
			name = Debug;
		};
		42F98FFB2967B6C70087E4D1 /* Release */ = {
			isa = XCBuildConfiguration;
			buildSettings = {
				ALWAYS_EMBED_SWIFT_STANDARD_LIBRARIES = YES;
				BUNDLE_LOADER = "$(TEST_HOST)";
				CODE_SIGN_STYLE = Automatic;
				CURRENT_PROJECT_VERSION = 1;
				GENERATE_INFOPLIST_FILE = YES;
				IPHONEOS_DEPLOYMENT_TARGET = 16.0;
				MARKETING_VERSION = 1.0;
				PRODUCT_BUNDLE_IDENTIFIER = jp.fujitsu.fjct.ncmb.quickstart.swift.SwiftPushAppTests;
				PRODUCT_NAME = "$(TARGET_NAME)";
				SWIFT_EMIT_LOC_STRINGS = NO;
				SWIFT_VERSION = 5.0;
				TARGETED_DEVICE_FAMILY = "1,2";
				TEST_HOST = "$(BUILT_PRODUCTS_DIR)/SwiftPushApp.app/$(BUNDLE_EXECUTABLE_FOLDER_PATH)/SwiftPushApp";
			};
			name = Release;
		};
		42F98FFD2967B6C70087E4D1 /* Debug */ = {
			isa = XCBuildConfiguration;
			buildSettings = {
				ALWAYS_EMBED_SWIFT_STANDARD_LIBRARIES = YES;
				CODE_SIGN_STYLE = Automatic;
				CURRENT_PROJECT_VERSION = 1;
				GENERATE_INFOPLIST_FILE = YES;
				MARKETING_VERSION = 1.0;
				PRODUCT_BUNDLE_IDENTIFIER = jp.fujitsu.fjct.ncmb.quickstart.swift.SwiftPushAppUITests;
				PRODUCT_NAME = "$(TARGET_NAME)";
				SWIFT_EMIT_LOC_STRINGS = NO;
				SWIFT_VERSION = 5.0;
				TARGETED_DEVICE_FAMILY = "1,2";
				TEST_TARGET_NAME = SwiftPushApp;
			};
			name = Debug;
		};
		42F98FFE2967B6C70087E4D1 /* Release */ = {
			isa = XCBuildConfiguration;
			buildSettings = {
				ALWAYS_EMBED_SWIFT_STANDARD_LIBRARIES = YES;
				CODE_SIGN_STYLE = Automatic;
				CURRENT_PROJECT_VERSION = 1;
				GENERATE_INFOPLIST_FILE = YES;
				MARKETING_VERSION = 1.0;
				PRODUCT_BUNDLE_IDENTIFIER = jp.fujitsu.fjct.ncmb.quickstart.swift.SwiftPushAppUITests;
				PRODUCT_NAME = "$(TARGET_NAME)";
				SWIFT_EMIT_LOC_STRINGS = NO;
				SWIFT_VERSION = 5.0;
				TARGETED_DEVICE_FAMILY = "1,2";
				TEST_TARGET_NAME = SwiftPushApp;
			};
			name = Release;
		};
/* End XCBuildConfiguration section */

/* Begin XCConfigurationList section */
		42F98FC72967B6C50087E4D1 /* Build configuration list for PBXProject "SwiftPushApp" */ = {
			isa = XCConfigurationList;
			buildConfigurations = (
				42F98FF42967B6C70087E4D1 /* Debug */,
				42F98FF52967B6C70087E4D1 /* Release */,
			);
			defaultConfigurationIsVisible = 0;
			defaultConfigurationName = Release;
		};
		42F98FF62967B6C70087E4D1 /* Build configuration list for PBXNativeTarget "SwiftPushApp" */ = {
			isa = XCConfigurationList;
			buildConfigurations = (
				42F98FF72967B6C70087E4D1 /* Debug */,
				42F98FF82967B6C70087E4D1 /* Release */,
			);
			defaultConfigurationIsVisible = 0;
			defaultConfigurationName = Release;
		};
		42F98FF92967B6C70087E4D1 /* Build configuration list for PBXNativeTarget "SwiftPushAppTests" */ = {
			isa = XCConfigurationList;
			buildConfigurations = (
				42F98FFA2967B6C70087E4D1 /* Debug */,
				42F98FFB2967B6C70087E4D1 /* Release */,
			);
			defaultConfigurationIsVisible = 0;
			defaultConfigurationName = Release;
		};
		42F98FFC2967B6C70087E4D1 /* Build configuration list for PBXNativeTarget "SwiftPushAppUITests" */ = {
			isa = XCConfigurationList;
			buildConfigurations = (
				42F98FFD2967B6C70087E4D1 /* Debug */,
				42F98FFE2967B6C70087E4D1 /* Release */,
			);
			defaultConfigurationIsVisible = 0;
			defaultConfigurationName = Release;
		};
/* End XCConfigurationList section */

/* Begin XCRemoteSwiftPackageReference section */
		42F98FFF2967B7930087E4D1 /* XCRemoteSwiftPackageReference "ncmb_swift" */ = {
			isa = XCRemoteSwiftPackageReference;
			repositoryURL = "https://github.com/NIFCLOUD-mbaas/ncmb_swift";
			requirement = {
				kind = upToNextMajorVersion;
				minimumVersion = 1.0.0;
			};
		};
/* End XCRemoteSwiftPackageReference section */

/* Begin XCSwiftPackageProductDependency section */
		42F990002967B7930087E4D1 /* NCMB */ = {
			isa = XCSwiftPackageProductDependency;
			package = 42F98FFF2967B7930087E4D1 /* XCRemoteSwiftPackageReference "ncmb_swift" */;
			productName = NCMB;
		};
/* End XCSwiftPackageProductDependency section */
	};
	rootObject = 42F98FC42967B6C50087E4D1 /* Project object */;
}
